// !$*UTF8*$!
{
	archiveVersion = 1;
	classes = {
	};
	objectVersion = 46;
	objects = {

/* Begin PBXBuildFile section */
		2F71202718E8599500624BBA /* Foundation.framework in Frameworks */ = {isa = PBXBuildFile; fileRef = 2F71202618E8599500624BBA /* Foundation.framework */; };
		2F71202918E8599500624BBA /* CoreGraphics.framework in Frameworks */ = {isa = PBXBuildFile; fileRef = 2F71202818E8599500624BBA /* CoreGraphics.framework */; };
		2F71202B18E8599500624BBA /* UIKit.framework in Frameworks */ = {isa = PBXBuildFile; fileRef = 2F71202A18E8599500624BBA /* UIKit.framework */; };
		2F71203118E8599500624BBA /* InfoPlist.strings in Resources */ = {isa = PBXBuildFile; fileRef = 2F71202F18E8599500624BBA /* InfoPlist.strings */; };
		2F71203318E8599500624BBA /* main.m in Sources */ = {isa = PBXBuildFile; fileRef = 2F71203218E8599500624BBA /* main.m */; };
		2F71203718E8599500624BBA /* BRAppDelegate.m in Sources */ = {isa = PBXBuildFile; fileRef = 2F71203618E8599500624BBA /* BRAppDelegate.m */; };
		2F71203918E8599500624BBA /* Images.xcassets in Resources */ = {isa = PBXBuildFile; fileRef = 2F71203818E8599500624BBA /* Images.xcassets */; };
		2F71205718E85DEE00624BBA /* BRExpandingViewController.m in Sources */ = {isa = PBXBuildFile; fileRef = 2F71205618E85DEE00624BBA /* BRExpandingViewController.m */; };
		2F71205918E85E6400624BBA /* Main_iPad.storyboard in Resources */ = {isa = PBXBuildFile; fileRef = 2F71205818E85E6400624BBA /* Main_iPad.storyboard */; };
		2F71205C18ECF17800624BBA /* BRSampleSidebarViewController.m in Sources */ = {isa = PBXBuildFile; fileRef = 2F71205B18ECF17800624BBA /* BRSampleSidebarViewController.m */; };
		2F71205F18ECF18900624BBA /* BRSampleContentViewController.m in Sources */ = {isa = PBXBuildFile; fileRef = 2F71205E18ECF18900624BBA /* BRSampleContentViewController.m */; };
/* End PBXBuildFile section */

/* Begin PBXFileReference section */
		2F71202318E8599500624BBA /* BRExpandingMenuExample.app */ = {isa = PBXFileReference; explicitFileType = wrapper.application; includeInIndex = 0; path = BRExpandingMenuExample.app; sourceTree = BUILT_PRODUCTS_DIR; };
		2F71202618E8599500624BBA /* Foundation.framework */ = {isa = PBXFileReference; lastKnownFileType = wrapper.framework; name = Foundation.framework; path = System/Library/Frameworks/Foundation.framework; sourceTree = SDKROOT; };
		2F71202818E8599500624BBA /* CoreGraphics.framework */ = {isa = PBXFileReference; lastKnownFileType = wrapper.framework; name = CoreGraphics.framework; path = System/Library/Frameworks/CoreGraphics.framework; sourceTree = SDKROOT; };
		2F71202A18E8599500624BBA /* UIKit.framework */ = {isa = PBXFileReference; lastKnownFileType = wrapper.framework; name = UIKit.framework; path = System/Library/Frameworks/UIKit.framework; sourceTree = SDKROOT; };
		2F71202E18E8599500624BBA /* BRExpandingMenuExample-Info.plist */ = {isa = PBXFileReference; lastKnownFileType = text.plist.xml; path = "BRExpandingMenuExample-Info.plist"; sourceTree = "<group>"; };
		2F71203018E8599500624BBA /* en */ = {isa = PBXFileReference; lastKnownFileType = text.plist.strings; name = en; path = en.lproj/InfoPlist.strings; sourceTree = "<group>"; };
		2F71203218E8599500624BBA /* main.m */ = {isa = PBXFileReference; lastKnownFileType = sourcecode.c.objc; path = main.m; sourceTree = "<group>"; };
		2F71203418E8599500624BBA /* BRExpandingMenuExample-Prefix.pch */ = {isa = PBXFileReference; lastKnownFileType = sourcecode.c.h; path = "BRExpandingMenuExample-Prefix.pch"; sourceTree = "<group>"; };
		2F71203518E8599500624BBA /* BRAppDelegate.h */ = {isa = PBXFileReference; lastKnownFileType = sourcecode.c.h; path = BRAppDelegate.h; sourceTree = "<group>"; };
		2F71203618E8599500624BBA /* BRAppDelegate.m */ = {isa = PBXFileReference; lastKnownFileType = sourcecode.c.objc; path = BRAppDelegate.m; sourceTree = "<group>"; };
		2F71203818E8599500624BBA /* Images.xcassets */ = {isa = PBXFileReference; lastKnownFileType = folder.assetcatalog; path = Images.xcassets; sourceTree = "<group>"; };
		2F71205518E85DEE00624BBA /* BRExpandingViewController.h */ = {isa = PBXFileReference; fileEncoding = 4; lastKnownFileType = sourcecode.c.h; name = BRExpandingViewController.h; path = ../../../Classes/BRExpandingViewController.h; sourceTree = "<group>"; };
		2F71205618E85DEE00624BBA /* BRExpandingViewController.m */ = {isa = PBXFileReference; fileEncoding = 4; lastKnownFileType = sourcecode.c.objc; name = BRExpandingViewController.m; path = ../../../Classes/BRExpandingViewController.m; sourceTree = "<group>"; };
		2F71205818E85E6400624BBA /* Main_iPad.storyboard */ = {isa = PBXFileReference; fileEncoding = 4; lastKnownFileType = file.storyboard; path = Main_iPad.storyboard; sourceTree = "<group>"; };
		2F71205A18ECF17800624BBA /* BRSampleSidebarViewController.h */ = {isa = PBXFileReference; fileEncoding = 4; lastKnownFileType = sourcecode.c.h; path = BRSampleSidebarViewController.h; sourceTree = "<group>"; };
		2F71205B18ECF17800624BBA /* BRSampleSidebarViewController.m */ = {isa = PBXFileReference; fileEncoding = 4; lastKnownFileType = sourcecode.c.objc; path = BRSampleSidebarViewController.m; sourceTree = "<group>"; };
		2F71205D18ECF18900624BBA /* BRSampleContentViewController.h */ = {isa = PBXFileReference; fileEncoding = 4; lastKnownFileType = sourcecode.c.h; path = BRSampleContentViewController.h; sourceTree = "<group>"; };
		2F71205E18ECF18900624BBA /* BRSampleContentViewController.m */ = {isa = PBXFileReference; fileEncoding = 4; lastKnownFileType = sourcecode.c.objc; path = BRSampleContentViewController.m; sourceTree = "<group>"; };
/* End PBXFileReference section */

/* Begin PBXFrameworksBuildPhase section */
		2F71202018E8599500624BBA /* Frameworks */ = {
			isa = PBXFrameworksBuildPhase;
			buildActionMask = 2147483647;
			files = (
				2F71202918E8599500624BBA /* CoreGraphics.framework in Frameworks */,
				2F71202B18E8599500624BBA /* UIKit.framework in Frameworks */,
				2F71202718E8599500624BBA /* Foundation.framework in Frameworks */,
			);
			runOnlyForDeploymentPostprocessing = 0;
		};
/* End PBXFrameworksBuildPhase section */

/* Begin PBXGroup section */
		2F71201A18E8599500624BBA = {
			isa = PBXGroup;
			children = (
				2F71202C18E8599500624BBA /* BRExpandingMenuExample */,
				2F71202518E8599500624BBA /* Frameworks */,
				2F71202418E8599500624BBA /* Products */,
			);
			sourceTree = "<group>";
		};
		2F71202418E8599500624BBA /* Products */ = {
			isa = PBXGroup;
			children = (
				2F71202318E8599500624BBA /* BRExpandingMenuExample.app */,
			);
			name = Products;
			sourceTree = "<group>";
		};
		2F71202518E8599500624BBA /* Frameworks */ = {
			isa = PBXGroup;
			children = (
				2F71202618E8599500624BBA /* Foundation.framework */,
				2F71202818E8599500624BBA /* CoreGraphics.framework */,
				2F71202A18E8599500624BBA /* UIKit.framework */,
			);
			name = Frameworks;
			sourceTree = "<group>";
		};
		2F71202C18E8599500624BBA /* BRExpandingMenuExample */ = {
			isa = PBXGroup;
			children = (
				2F71203518E8599500624BBA /* BRAppDelegate.h */,
				2F71203618E8599500624BBA /* BRAppDelegate.m */,
				2F71203818E8599500624BBA /* Images.xcassets */,
				2F71202D18E8599500624BBA /* Supporting Files */,
				2F71205518E85DEE00624BBA /* BRExpandingViewController.h */,
				2F71205618E85DEE00624BBA /* BRExpandingViewController.m */,
				2F71205818E85E6400624BBA /* Main_iPad.storyboard */,
				2F71205A18ECF17800624BBA /* BRSampleSidebarViewController.h */,
				2F71205B18ECF17800624BBA /* BRSampleSidebarViewController.m */,
				2F71205D18ECF18900624BBA /* BRSampleContentViewController.h */,
				2F71205E18ECF18900624BBA /* BRSampleContentViewController.m */,
			);
			path = BRExpandingMenuExample;
			sourceTree = "<group>";
		};
		2F71202D18E8599500624BBA /* Supporting Files */ = {
			isa = PBXGroup;
			children = (
				2F71202E18E8599500624BBA /* BRExpandingMenuExample-Info.plist */,
				2F71202F18E8599500624BBA /* InfoPlist.strings */,
				2F71203218E8599500624BBA /* main.m */,
				2F71203418E8599500624BBA /* BRExpandingMenuExample-Prefix.pch */,
			);
			name = "Supporting Files";
			sourceTree = "<group>";
		};
/* End PBXGroup section */

/* Begin PBXNativeTarget section */
		2F71202218E8599500624BBA /* BRExpandingMenuExample */ = {
			isa = PBXNativeTarget;
			buildConfigurationList = 2F71204F18E8599500624BBA /* Build configuration list for PBXNativeTarget "BRExpandingMenuExample" */;
			buildPhases = (
				2F71201F18E8599500624BBA /* Sources */,
				2F71202018E8599500624BBA /* Frameworks */,
				2F71202118E8599500624BBA /* Resources */,
			);
			buildRules = (
			);
			dependencies = (
			);
			name = BRExpandingMenuExample;
			productName = BRExpandingMenuExample;
			productReference = 2F71202318E8599500624BBA /* BRExpandingMenuExample.app */;
			productType = "com.apple.product-type.application";
		};
/* End PBXNativeTarget section */

/* Begin PBXProject section */
		2F71201B18E8599500624BBA /* Project object */ = {
			isa = PBXProject;
			attributes = {
				CLASSPREFIX = BR;
				LastUpgradeCheck = 0510;
				ORGANIZATIONNAME = "Bradley Ringel";
			};
			buildConfigurationList = 2F71201E18E8599500624BBA /* Build configuration list for PBXProject "BRExpandingMenuExample" */;
			compatibilityVersion = "Xcode 3.2";
			developmentRegion = English;
			hasScannedForEncodings = 0;
			knownRegions = (
				en,
			);
			mainGroup = 2F71201A18E8599500624BBA;
			productRefGroup = 2F71202418E8599500624BBA /* Products */;
			projectDirPath = "";
			projectRoot = "";
			targets = (
				2F71202218E8599500624BBA /* BRExpandingMenuExample */,
			);
		};
/* End PBXProject section */

/* Begin PBXResourcesBuildPhase section */
		2F71202118E8599500624BBA /* Resources */ = {
			isa = PBXResourcesBuildPhase;
			buildActionMask = 2147483647;
			files = (
				2F71205918E85E6400624BBA /* Main_iPad.storyboard in Resources */,
				2F71203118E8599500624BBA /* InfoPlist.strings in Resources */,
				2F71203918E8599500624BBA /* Images.xcassets in Resources */,
			);
			runOnlyForDeploymentPostprocessing = 0;
		};
/* End PBXResourcesBuildPhase section */

/* Begin PBXSourcesBuildPhase section */
		2F71201F18E8599500624BBA /* Sources */ = {
			isa = PBXSourcesBuildPhase;
			buildActionMask = 2147483647;
			files = (
				2F71205F18ECF18900624BBA /* BRSampleContentViewController.m in Sources */,
				2F71203718E8599500624BBA /* BRAppDelegate.m in Sources */,
				2F71205C18ECF17800624BBA /* BRSampleSidebarViewController.m in Sources */,
				2F71203318E8599500624BBA /* main.m in Sources */,
				2F71205718E85DEE00624BBA /* BRExpandingViewController.m in Sources */,
			);
			runOnlyForDeploymentPostprocessing = 0;
		};
/* End PBXSourcesBuildPhase section */

/* Begin PBXVariantGroup section */
		2F71202F18E8599500624BBA /* InfoPlist.strings */ = {
			isa = PBXVariantGroup;
			children = (
				2F71203018E8599500624BBA /* en */,
			);
			name = InfoPlist.strings;
			sourceTree = "<group>";
		};
/* End PBXVariantGroup section */

/* Begin XCBuildConfiguration section */
		2F71204D18E8599500624BBA /* Debug */ = {
			isa = XCBuildConfiguration;
			buildSettings = {
				ALWAYS_SEARCH_USER_PATHS = NO;
				CLANG_CXX_LANGUAGE_STANDARD = "gnu++0x";
				CLANG_CXX_LIBRARY = "libc++";
				CLANG_ENABLE_MODULES = YES;
				CLANG_ENABLE_OBJC_ARC = YES;
				CLANG_WARN_BOOL_CONVERSION = YES;
				CLANG_WARN_CONSTANT_CONVERSION = YES;
				CLANG_WARN_DIRECT_OBJC_ISA_USAGE = YES_ERROR;
				CLANG_WARN_EMPTY_BODY = YES;
				CLANG_WARN_ENUM_CONVERSION = YES;
				CLANG_WARN_INT_CONVERSION = YES;
				CLANG_WARN_OBJC_ROOT_CLASS = YES_ERROR;
				CLANG_WARN__DUPLICATE_METHOD_MATCH = YES;
				"CODE_SIGN_IDENTITY[sdk=iphoneos*]" = "iPhone Developer";
				COPY_PHASE_STRIP = NO;
				GCC_C_LANGUAGE_STANDARD = gnu99;
				GCC_DYNAMIC_NO_PIC = NO;
				GCC_OPTIMIZATION_LEVEL = 0;
				GCC_PREPROCESSOR_DEFINITIONS = (
					"DEBUG=1",
					"$(inherited)",
				);
				GCC_SYMBOLS_PRIVATE_EXTERN = NO;
				GCC_WARN_64_TO_32_BIT_CONVERSION = YES;
				GCC_WARN_ABOUT_RETURN_TYPE = YES_ERROR;
				GCC_WARN_UNDECLARED_SELECTOR = YES;
				GCC_WARN_UNINITIALIZED_AUTOS = YES_AGGRESSIVE;
				GCC_WARN_UNUSED_FUNCTION = YES;
				GCC_WARN_UNUSED_VARIABLE = YES;
				IPHONEOS_DEPLOYMENT_TARGET = 7.0;
				ONLY_ACTIVE_ARCH = YES;
				SDKROOT = iphoneos;
				TARGETED_DEVICE_FAMILY = 2;
			};
			name = Debug;
		};
		2F71204E18E8599500624BBA /* Release */ = {
			isa = XCBuildConfiguration;
			buildSettings = {
				ALWAYS_SEARCH_USER_PATHS = NO;
				CLANG_CXX_LANGUAGE_STANDARD = "gnu++0x";
				CLANG_CXX_LIBRARY = "libc++";
				CLANG_ENABLE_MODULES = YES;
				CLANG_ENABLE_OBJC_ARC = YES;
				CLANG_WARN_BOOL_CONVERSION = YES;
				CLANG_WARN_CONSTANT_CONVERSION = YES;
				CLANG_WARN_DIRECT_OBJC_ISA_USAGE = YES_ERROR;
				CLANG_WARN_EMPTY_BODY = YES;
				CLANG_WARN_ENUM_CONVERSION = YES;
				CLANG_WARN_INT_CONVERSION = YES;
				CLANG_WARN_OBJC_ROOT_CLASS = YES_ERROR;
				CLANG_WARN__DUPLICATE_METHOD_MATCH = YES;
				"CODE_SIGN_IDENTITY[sdk=iphoneos*]" = "iPhone Developer";
				COPY_PHASE_STRIP = YES;
				ENABLE_NS_ASSERTIONS = NO;
				GCC_C_LANGUAGE_STANDARD = gnu99;
				GCC_WARN_64_TO_32_BIT_CONVERSION = YES;
				GCC_WARN_ABOUT_RETURN_TYPE = YES_ERROR;
				GCC_WARN_UNDECLARED_SELECTOR = YES;
				GCC_WARN_UNINITIALIZED_AUTOS = YES_AGGRESSIVE;
				GCC_WARN_UNUSED_FUNCTION = YES;
				GCC_WARN_UNUSED_VARIABLE = YES;
				IPHONEOS_DEPLOYMENT_TARGET = 7.0;
				SDKROOT = iphoneos;
				TARGETED_DEVICE_FAMILY = 2;
				VALIDATE_PRODUCT = YES;
			};
			name = Release;
		};
		2F71205018E8599500624BBA /* Debug */ = {
			isa = XCBuildConfiguration;
			buildSettings = {
				ASSETCATALOG_COMPILER_APPICON_NAME = AppIcon;
				ASSETCATALOG_COMPILER_LAUNCHIMAGE_NAME = LaunchImage;
				GCC_PRECOMPILE_PREFIX_HEADER = YES;
				GCC_PREFIX_HEADER = "BRExpandingMenuExample/BRExpandingMenuExample-Prefix.pch";
				INFOPLIST_FILE = "BRExpandingMenuExample/BRExpandingMenuExample-Info.plist";
				IPHONEOS_DEPLOYMENT_TARGET = 7.0;
				PRODUCT_NAME = "$(TARGET_NAME)";
				WRAPPER_EXTENSION = app;
			};
			name = Debug;
		};
		2F71205118E8599500624BBA /* Release */ = {
			isa = XCBuildConfiguration;
			buildSettings = {
				ASSETCATALOG_COMPILER_APPICON_NAME = AppIcon;
				ASSETCATALOG_COMPILER_LAUNCHIMAGE_NAME = LaunchImage;
				GCC_PRECOMPILE_PREFIX_HEADER = YES;
				GCC_PREFIX_HEADER = "BRExpandingMenuExample/BRExpandingMenuExample-Prefix.pch";
				INFOPLIST_FILE = "BRExpandingMenuExample/BRExpandingMenuExample-Info.plist";
				IPHONEOS_DEPLOYMENT_TARGET = 7.0;
				PRODUCT_NAME = "$(TARGET_NAME)";
				WRAPPER_EXTENSION = app;
			};
			name = Release;
		};
/* End XCBuildConfiguration section */

/* Begin XCConfigurationList section */
		2F71201E18E8599500624BBA /* Build configuration list for PBXProject "BRExpandingMenuExample" */ = {
			isa = XCConfigurationList;
			buildConfigurations = (
				2F71204D18E8599500624BBA /* Debug */,
				2F71204E18E8599500624BBA /* Release */,
			);
			defaultConfigurationIsVisible = 0;
			defaultConfigurationName = Release;
		};
		2F71204F18E8599500624BBA /* Build configuration list for PBXNativeTarget "BRExpandingMenuExample" */ = {
			isa = XCConfigurationList;
			buildConfigurations = (
				2F71205018E8599500624BBA /* Debug */,
				2F71205118E8599500624BBA /* Release */,
			);
			defaultConfigurationIsVisible = 0;
		};
/* End XCConfigurationList section */
	};
	rootObject = 2F71201B18E8599500624BBA /* Project object */;
}
